
Microsoft Visual Studio Solution File, Format Version 12.00
# Visual Studio 14
VisualStudioVersion = 14.0.25123.0
MinimumVisualStudioVersion = 10.0.40219.1
Project("{8BC9CEB8-8B4A-11D0-8D11-00A0C91BC942}") = "containers", "containers\containers.vcxproj", "{8A62A3E9-A8CD-47C1-AE48-A5C38FF8F9EB}"
EndProject
Project("{8BC9CEB8-8B4A-11D0-8D11-00A0C91BC942}") = "Bind", "Bind\Bind.vcxproj", "{1C6CF39D-A81E-45E9-99B3-46955A3462C6}"
EndProject
Global
	GlobalSection(SolutionConfigurationPlatforms) = preSolution
		Debug|x64 = Debug|x64
		Debug|x86 = Debug|x86
		Release|x64 = Release|x64
		Release|x86 = Release|x86
	EndGlobalSection
	GlobalSection(ProjectConfigurationPlatforms) = postSolution
		{8A62A3E9-A8CD-47C1-AE48-A5C38FF8F9EB}.Debug|x64.ActiveCfg = Debug|x64
		{8A62A3E9-A8CD-47C1-AE48-A5C38FF8F9EB}.Debug|x64.Build.0 = Debug|x64
		{8A62A3E9-A8CD-47C1-AE48-A5C38FF8F9EB}.Debug|x86.ActiveCfg = Debug|Win32
		{8A62A3E9-A8CD-47C1-AE48-A5C38FF8F9EB}.Debug|x86.Build.0 = Debug|Win32
		{8A62A3E9-A8CD-47C1-AE48-A5C38FF8F9EB}.Release|x64.ActiveCfg = Release|x64
		{8A62A3E9-A8CD-47C1-AE48-A5C38FF8F9EB}.Release|x64.Build.0 = Release|x64
		{8A62A3E9-A8CD-47C1-AE48-A5C38FF8F9EB}.Release|x86.ActiveCfg = Release|Win32
		{8A62A3E9-A8CD-47C1-AE48-A5C38FF8F9EB}.Release|x86.Build.0 = Release|Win32
		{1C6CF39D-A81E-45E9-99B3-46955A3462C6}.Debug|x64.ActiveCfg = Debug|x64
		{1C6CF39D-A81E-45E9-99B3-46955A3462C6}.Debug|x64.Build.0 = Debug|x64
		{1C6CF39D-A81E-45E9-99B3-46955A3462C6}.Debug|x86.ActiveCfg = Debug|Win32
		{1C6CF39D-A81E-45E9-99B3-46955A3462C6}.Debug|x86.Build.0 = Debug|Win32
		{1C6CF39D-A81E-45E9-99B3-46955A3462C6}.Release|x64.ActiveCfg = Release|x64
		{1C6CF39D-A81E-45E9-99B3-46955A3462C6}.Release|x64.Build.0 = Release|x64
		{1C6CF39D-A81E-45E9-99B3-46955A3462C6}.Release|x86.ActiveCfg = Release|Win32
		{1C6CF39D-A81E-45E9-99B3-46955A3462C6}.Release|x86.Build.0 = Release|Win32
	EndGlobalSection
	GlobalSection(SolutionProperties) = preSolution
		HideSolutionNode = FALSE
	EndGlobalSection
EndGlobal
